// !$*UTF8*$!
{
	archiveVersion = 1;
	classes = {
	};
	objectVersion = 46;
	objects = {

/* Begin PBXBuildFile section */
		3E23E7B81D5B0338007BAAC3 /* AppDelegate.swift in Sources */ = {isa = PBXBuildFile; fileRef = 3E23E7B71D5B0338007BAAC3 /* AppDelegate.swift */; };
		3E23E7BA1D5B0338007BAAC3 /* ViewController.swift in Sources */ = {isa = PBXBuildFile; fileRef = 3E23E7B91D5B0338007BAAC3 /* ViewController.swift */; };
		3E23E7BD1D5B0338007BAAC3 /* Main.storyboard in Resources */ = {isa = PBXBuildFile; fileRef = 3E23E7BB1D5B0338007BAAC3 /* Main.storyboard */; };
		3E23E7C01D5B0338007BAAC3 /* LocalNotification.xcdatamodeld in Sources */ = {isa = PBXBuildFile; fileRef = 3E23E7BE1D5B0338007BAAC3 /* LocalNotification.xcdatamodeld */; };
		3E23E7C21D5B0338007BAAC3 /* Assets.xcassets in Resources */ = {isa = PBXBuildFile; fileRef = 3E23E7C11D5B0338007BAAC3 /* Assets.xcassets */; };
		3E23E7C51D5B0338007BAAC3 /* LaunchScreen.storyboard in Resources */ = {isa = PBXBuildFile; fileRef = 3E23E7C31D5B0338007BAAC3 /* LaunchScreen.storyboard */; };
/* End PBXBuildFile section */

/* Begin PBXFileReference section */
		3E23E7B41D5B0338007BAAC3 /* LocalNotification.app */ = {isa = PBXFileReference; explicitFileType = wrapper.application; includeInIndex = 0; path = LocalNotification.app; sourceTree = BUILT_PRODUCTS_DIR; };
		3E23E7B71D5B0338007BAAC3 /* AppDelegate.swift */ = {isa = PBXFileReference; lastKnownFileType = sourcecode.swift; path = AppDelegate.swift; sourceTree = "<group>"; };
		3E23E7B91D5B0338007BAAC3 /* ViewController.swift */ = {isa = PBXFileReference; lastKnownFileType = sourcecode.swift; path = ViewController.swift; sourceTree = "<group>"; };
		3E23E7BC1D5B0338007BAAC3 /* Base */ = {isa = PBXFileReference; lastKnownFileType = file.storyboard; name = Base; path = Base.lproj/Main.storyboard; sourceTree = "<group>"; };
		3E23E7BF1D5B0338007BAAC3 /* LocalNotification.xcdatamodel */ = {isa = PBXFileReference; lastKnownFileType = wrapper.xcdatamodel; path = LocalNotification.xcdatamodel; sourceTree = "<group>"; };
		3E23E7C11D5B0338007BAAC3 /* Assets.xcassets */ = {isa = PBXFileReference; lastKnownFileType = folder.assetcatalog; path = Assets.xcassets; sourceTree = "<group>"; };
		3E23E7C41D5B0338007BAAC3 /* Base */ = {isa = PBXFileReference; lastKnownFileType = file.storyboard; name = Base; path = Base.lproj/LaunchScreen.storyboard; sourceTree = "<group>"; };
		3E23E7C61D5B0338007BAAC3 /* Info.plist */ = {isa = PBXFileReference; lastKnownFileType = text.plist.xml; path = Info.plist; sourceTree = "<group>"; };
/* End PBXFileReference section */

/* Begin PBXFrameworksBuildPhase section */
		3E23E7B11D5B0338007BAAC3 /* Frameworks */ = {
			isa = PBXFrameworksBuildPhase;
			buildActionMask = 2147483647;
			files = (
			);
			runOnlyForDeploymentPostprocessing = 0;
		};
/* End PBXFrameworksBuildPhase section */

/* Begin PBXGroup section */
		3E23E7AB1D5B0338007BAAC3 = {
			isa = PBXGroup;
			children = (
				3E23E7B61D5B0338007BAAC3 /* LocalNotification */,
				3E23E7B51D5B0338007BAAC3 /* Products */,
			);
			sourceTree = "<group>";
		};
		3E23E7B51D5B0338007BAAC3 /* Products */ = {
			isa = PBXGroup;
			children = (
				3E23E7B41D5B0338007BAAC3 /* LocalNotification.app */,
			);
			name = Products;
			sourceTree = "<group>";
		};
		3E23E7B61D5B0338007BAAC3 /* LocalNotification */ = {
			isa = PBXGroup;
			children = (
				3E23E7B71D5B0338007BAAC3 /* AppDelegate.swift */,
				3E23E7B91D5B0338007BAAC3 /* ViewController.swift */,
				3E23E7BB1D5B0338007BAAC3 /* Main.storyboard */,
				3E23E7C11D5B0338007BAAC3 /* Assets.xcassets */,
				3E23E7C31D5B0338007BAAC3 /* LaunchScreen.storyboard */,
				3E23E7C61D5B0338007BAAC3 /* Info.plist */,
				3E23E7BE1D5B0338007BAAC3 /* LocalNotification.xcdatamodeld */,
			);
			path = LocalNotification;
			sourceTree = "<group>";
		};
/* End PBXGroup section */

/* Begin PBXNativeTarget section */
		3E23E7B31D5B0338007BAAC3 /* LocalNotification */ = {
			isa = PBXNativeTarget;
			buildConfigurationList = 3E23E7C91D5B0338007BAAC3 /* Build configuration list for PBXNativeTarget "LocalNotification" */;
			buildPhases = (
				3E23E7B01D5B0338007BAAC3 /* Sources */,
				3E23E7B11D5B0338007BAAC3 /* Frameworks */,
				3E23E7B21D5B0338007BAAC3 /* Resources */,
			);
			buildRules = (
			);
			dependencies = (
			);
			name = LocalNotification;
			productName = LocalNotification;
			productReference = 3E23E7B41D5B0338007BAAC3 /* LocalNotification.app */;
			productType = "com.apple.product-type.application";
		};
/* End PBXNativeTarget section */

/* Begin PBXProject section */
		3E23E7AC1D5B0338007BAAC3 /* Project object */ = {
			isa = PBXProject;
			attributes = {
				LastSwiftUpdateCheck = 0730;
				LastUpgradeCheck = 0730;
				ORGANIZATIONNAME = "Rishu Goel";
				TargetAttributes = {
					3E23E7B31D5B0338007BAAC3 = {
						CreatedOnToolsVersion = 7.3.1;
					};
				};
			};
			buildConfigurationList = 3E23E7AF1D5B0338007BAAC3 /* Build configuration list for PBXProject "LocalNotification" */;
			compatibilityVersion = "Xcode 3.2";
			developmentRegion = English;
			hasScannedForEncodings = 0;
			knownRegions = (
				en,
				Base,
			);
			mainGroup = 3E23E7AB1D5B0338007BAAC3;
			productRefGroup = 3E23E7B51D5B0338007BAAC3 /* Products */;
			projectDirPath = "";
			projectRoot = "";
			targets = (
				3E23E7B31D5B0338007BAAC3 /* LocalNotification */,
			);
		};
/* End PBXProject section */

/* Begin PBXResourcesBuildPhase section */
		3E23E7B21D5B0338007BAAC3 /* Resources */ = {
			isa = PBXResourcesBuildPhase;
			buildActionMask = 2147483647;
			files = (
				3E23E7C51D5B0338007BAAC3 /* LaunchScreen.storyboard in Resources */,
				3E23E7C21D5B0338007BAAC3 /* Assets.xcassets in Resources */,
				3E23E7BD1D5B0338007BAAC3 /* Main.storyboard in Resources */,
			);
			runOnlyForDeploymentPostprocessing = 0;
		};
/* End PBXResourcesBuildPhase section */

/* Begin PBXSourcesBuildPhase section */
		3E23E7B01D5B0338007BAAC3 /* Sources */ = {
			isa = PBXSourcesBuildPhase;
			buildActionMask = 2147483647;
			files = (
				3E23E7BA1D5B0338007BAAC3 /* ViewController.swift in Sources */,
				3E23E7C01D5B0338007BAAC3 /* LocalNotification.xcdatamodeld in Sources */,
				3E23E7B81D5B0338007BAAC3 /* AppDelegate.swift in Sources */,
			);
			runOnlyForDeploymentPostprocessing = 0;
		};
/* End PBXSourcesBuildPhase section */

/* Begin PBXVariantGroup section */
		3E23E7BB1D5B0338007BAAC3 /* Main.storyboard */ = {
			isa = PBXVariantGroup;
			children = (
				3E23E7BC1D5B0338007BAAC3 /* Base */,
			);
			name = Main.storyboard;
			sourceTree = "<group>";
		};
		3E23E7C31D5B0338007BAAC3 /* LaunchScreen.storyboard */ = {
			isa = PBXVariantGroup;
			children = (
				3E23E7C41D5B0338007BAAC3 /* Base */,
			);
			name = LaunchScreen.storyboard;
			sourceTree = "<group>";
		};
/* End PBXVariantGroup section */

/* Begin XCBuildConfiguration section */
		3E23E7C71D5B0338007BAAC3 /* Debug */ = {
			isa = XCBuildConfiguration;
			buildSettings = {
				ALWAYS_SEARCH_USER_PATHS = NO;
				CLANG_ANALYZER_NONNULL = YES;
				CLANG_CXX_LANGUAGE_STANDARD = "gnu++0x";
				CLANG_CXX_LIBRARY = "libc++";
				CLANG_ENABLE_MODULES = YES;
				CLANG_ENABLE_OBJC_ARC = YES;
				CLANG_WARN_BOOL_CONVERSION = YES;
				CLANG_WARN_CONSTANT_CONVERSION = YES;
				CLANG_WARN_DIRECT_OBJC_ISA_USAGE = YES_ERROR;
				CLANG_WARN_EMPTY_BODY = YES;
				CLANG_WARN_ENUM_CONVERSION = YES;
				CLANG_WARN_INT_CONVERSION = YES;
				CLANG_WARN_OBJC_ROOT_CLASS = YES_ERROR;
				CLANG_WARN_UNREACHABLE_CODE = YES;
				CLANG_WARN__DUPLICATE_METHOD_MATCH = YES;
				"CODE_SIGN_IDENTITY[sdk=iphoneos*]" = "iPhone Developer";
				COPY_PHASE_STRIP = NO;
				DEBUG_INFORMATION_FORMAT = dwarf;
				ENABLE_STRICT_OBJC_MSGSEND = YES;
				ENABLE_TESTABILITY = YES;
				GCC_C_LANGUAGE_STANDARD = gnu99;
				GCC_DYNAMIC_NO_PIC = NO;
				GCC_NO_COMMON_BLOCKS = YES;
				GCC_OPTIMIZATION_LEVEL = 0;
				GCC_PREPROCESSOR_DEFINITIONS = (
					"DEBUG=1",
					"$(inherited)",
				);
				GCC_WARN_64_TO_32_BIT_CONVERSION = YES;
				GCC_WARN_ABOUT_RETURN_TYPE = YES_ERROR;
				GCC_WARN_UNDECLARED_SELECTOR = YES;
				GCC_WARN_UNINITIALIZED_AUTOS = YES_AGGRESSIVE;
				GCC_WARN_UNUSED_FUNCTION = YES;
				GCC_WARN_UNUSED_VARIABLE = YES;
				IPHONEOS_DEPLOYMENT_TARGET = 9.3;
				MTL_ENABLE_DEBUG_INFO = YES;
				ONLY_ACTIVE_ARCH = YES;
				SDKROOT = iphoneos;
				SWIFT_OPTIMIZATION_LEVEL = "-Onone";
				TARGETED_DEVICE_FAMILY = "1,2";
			};
			name = Debug;
		};
		3E23E7C81D5B0338007BAAC3 /* Release */ = {
			isa = XCBuildConfiguration;
			buildSettings = {
				ALWAYS_SEARCH_USER_PATHS = NO;
				CLANG_ANALYZER_NONNULL = YES;
				CLANG_CXX_LANGUAGE_STANDARD = "gnu++0x";
				CLANG_CXX_LIBRARY = "libc++";
				CLANG_ENABLE_MODULES = YES;
				CLANG_ENABLE_OBJC_ARC = YES;
				CLANG_WARN_BOOL_CONVERSION = YES;
				CLANG_WARN_CONSTANT_CONVERSION = YES;
				CLANG_WARN_DIRECT_OBJC_ISA_USAGE = YES_ERROR;
				CLANG_WARN_EMPTY_BODY = YES;
				CLANG_WARN_ENUM_CONVERSION = YES;
				CLANG_WARN_INT_CONVERSION = YES;
				CLANG_WARN_OBJC_ROOT_CLASS = YES_ERROR;
				CLANG_WARN_UNREACHABLE_CODE = YES;
				CLANG_WARN__DUPLICATE_METHOD_MATCH = YES;
				"CODE_SIGN_IDENTITY[sdk=iphoneos*]" = "iPhone Developer";
				COPY_PHASE_STRIP = NO;
				DEBUG_INFORMATION_FORMAT = "dwarf-with-dsym";
				ENABLE_NS_ASSERTIONS = NO;
				ENABLE_STRICT_OBJC_MSGSEND = YES;
				GCC_C_LANGUAGE_STANDARD = gnu99;
				GCC_NO_COMMON_BLOCKS = YES;
				GCC_WARN_64_TO_32_BIT_CONVERSION = YES;
				GCC_WARN_ABOUT_RETURN_TYPE = YES_ERROR;
				GCC_WARN_UNDECLARED_SELECTOR = YES;
				GCC_WARN_UNINITIALIZED_AUTOS = YES_AGGRESSIVE;
				GCC_WARN_UNUSED_FUNCTION = YES;
				GCC_WARN_UNUSED_VARIABLE = YES;
				IPHONEOS_DEPLOYMENT_TARGET = 9.3;
				MTL_ENABLE_DEBUG_INFO = NO;
				SDKROOT = iphoneos;
				TARGETED_DEVICE_FAMILY = "1,2";
				VALIDATE_PRODUCT = YES;
			};
			name = Release;
		};
		3E23E7CA1D5B0338007BAAC3 /* Debug */ = {
			isa = XCBuildConfiguration;
			buildSettings = {
				ASSETCATALOG_COMPILER_APPICON_NAME = AppIcon;
				INFOPLIST_FILE = LocalNotification/Info.plist;
				LD_RUNPATH_SEARCH_PATHS = "$(inherited) @executable_path/Frameworks";
				PRODUCT_BUNDLE_IDENTIFIER = Practo.LocalNotification;
				PRODUCT_NAME = "$(TARGET_NAME)";
			};
			name = Debug;
		};
		3E23E7CB1D5B0338007BAAC3 /* Release */ = {
			isa = XCBuildConfiguration;
			buildSettings = {
				ASSETCATALOG_COMPILER_APPICON_NAME = AppIcon;
				INFOPLIST_FILE = LocalNotification/Info.plist;
				LD_RUNPATH_SEARCH_PATHS = "$(inherited) @executable_path/Frameworks";
				PRODUCT_BUNDLE_IDENTIFIER = Practo.LocalNotification;
				PRODUCT_NAME = "$(TARGET_NAME)";
			};
			name = Release;
		};
/* End XCBuildConfiguration section */

/* Begin XCConfigurationList section */
		3E23E7AF1D5B0338007BAAC3 /* Build configuration list for PBXProject "LocalNotification" */ = {
			isa = XCConfigurationList;
			buildConfigurations = (
				3E23E7C71D5B0338007BAAC3 /* Debug */,
				3E23E7C81D5B0338007BAAC3 /* Release */,
			);
			defaultConfigurationIsVisible = 0;
			defaultConfigurationName = Release;
		};
		3E23E7C91D5B0338007BAAC3 /* Build configuration list for PBXNativeTarget "LocalNotification" */ = {
			isa = XCConfigurationList;
			buildConfigurations = (
				3E23E7CA1D5B0338007BAAC3 /* Debug */,
				3E23E7CB1D5B0338007BAAC3 /* Release */,
			);
			defaultConfigurationIsVisible = 0;
		};
/* End XCConfigurationList section */

/* Begin XCVersionGroup section */
		3E23E7BE1D5B0338007BAAC3 /* LocalNotification.xcdatamodeld */ = {
			isa = XCVersionGroup;
			children = (
				3E23E7BF1D5B0338007BAAC3 /* LocalNotification.xcdatamodel */,
			);
			currentVersion = 3E23E7BF1D5B0338007BAAC3 /* LocalNotification.xcdatamodel */;
			path = LocalNotification.xcdatamodeld;
			sourceTree = "<group>";
			versionGroupType = wrapper.xcdatamodel;
		};
/* End XCVersionGroup section */
	};
	rootObject = 3E23E7AC1D5B0338007BAAC3 /* Project object */;
}
